Microsoft Visual Studio Solution File, Format Version 12.00
Project("{9A19103F-16F7-4668-BE54-9A1E7A4F7556}") = "202", "202.csproj", "{CA409028-F5BF-4EEB-988D-2D105A03290D}"
EndProject
Global
	GlobalSection(SolutionConfigurationPlatforms) = preSolution
		Debug|Any CPU = Debug|Any CPU
		Release|Any CPU = Release|Any CPU
	EndGlobalSection
	GlobalSection(ProjectConfigurationPlatforms) = postSolution
		{CA409028-F5BF-4EEB-988D-2D105A03290D}.Debug|Any CPU.ActiveCfg = Debug|Any CPU
		{CA409028-F5BF-4EEB-988D-2D105A03290D}.Debug|Any CPU.Build.0 = Debug|Any CPU
		{CA409028-F5BF-4EEB-988D-2D105A03290D}.Release|Any CPU.ActiveCfg = Release|Any CPU
		{CA409028-F5BF-4EEB-988D-2D105A03290D}.Release|Any CPU.Build.0 = Release|Any CPU
	EndGlobalSection
	GlobalSection(SolutionProperties) = preSolution
		HideSolutionNode = FALSE
	EndGlobalSection
	GlobalSection(ExtensibilityGlobals) = postSolution
		SolutionGuid = {8931C227-0CDA-4826-841C-3E00CC590CF7}
	EndGlobalSection
EndGlobal
